
Microsoft Visual Studio Solution File, Format Version 12.00
# Visual Studio Version 17
VisualStudioVersion = 17.10.35027.167
MinimumVisualStudioVersion = 10.0.40219.1
Project("{FAE04EC0-301F-11D3-BF4B-00C04F79EFBC}") = "MilitaryGrade API", "MilitaryGrade API\MilitaryGrade API.csproj", "{DFF8FB99-F923-452A-A1FB-C9CED76EF698}"
EndProject
Global
	GlobalSection(SolutionConfigurationPlatforms) = preSolution
		Debug|Any CPU = Debug|Any CPU
		Release|Any CPU = Release|Any CPU
	EndGlobalSection
	GlobalSection(ProjectConfigurationPlatforms) = postSolution
		{DFF8FB99-F923-452A-A1FB-C9CED76EF698}.Debug|Any CPU.ActiveCfg = Debug|Any CPU
		{DFF8FB99-F923-452A-A1FB-C9CED76EF698}.Debug|Any CPU.Build.0 = Debug|Any CPU
		{DFF8FB99-F923-452A-A1FB-C9CED76EF698}.Release|Any CPU.ActiveCfg = Release|Any CPU
		{DFF8FB99-F923-452A-A1FB-C9CED76EF698}.Release|Any CPU.Build.0 = Release|Any CPU
	EndGlobalSection
	GlobalSection(SolutionProperties) = preSolution
		HideSolutionNode = FALSE
	EndGlobalSection
	GlobalSection(ExtensibilityGlobals) = postSolution
		SolutionGuid = {8CE3159F-F500-4BF4-9018-23A5A380304E}
	EndGlobalSection
EndGlobal
